
Microsoft Visual Studio Solution File, Format Version 12.00
# Visual Studio Version 17
VisualStudioVersion = 17.3.32901.215
MinimumVisualStudioVersion = 10.0.40219.1
Project("{FAE04EC0-301F-11D3-BF4B-00C04F79EFBC}") = "Main Method", "Main Method.csproj", "{282ED0FD-F7B0-42DC-937D-771A9EC1F631}"
EndProject
Global
	GlobalSection(SolutionConfigurationPlatforms) = preSolution
		Debug|Any CPU = Debug|Any CPU
		Release|Any CPU = Release|Any CPU
	EndGlobalSection
	GlobalSection(ProjectConfigurationPlatforms) = postSolution
		{282ED0FD-F7B0-42DC-937D-771A9EC1F631}.Debug|Any CPU.ActiveCfg = Debug|Any CPU
		{282ED0FD-F7B0-42DC-937D-771A9EC1F631}.Debug|Any CPU.Build.0 = Debug|Any CPU
		{282ED0FD-F7B0-42DC-937D-771A9EC1F631}.Release|Any CPU.ActiveCfg = Release|Any CPU
		{282ED0FD-F7B0-42DC-937D-771A9EC1F631}.Release|Any CPU.Build.0 = Release|Any CPU
	EndGlobalSection
	GlobalSection(SolutionProperties) = preSolution
		HideSolutionNode = FALSE
	EndGlobalSection
	GlobalSection(ExtensibilityGlobals) = postSolution
		SolutionGuid = {888BFBCE-E88D-4F5D-8547-526552230B5C}
	EndGlobalSection
EndGlobal
