
Microsoft Visual Studio Solution File, Format Version 12.00
# Visual Studio Version 17
VisualStudioVersion = 17.3.32901.215
MinimumVisualStudioVersion = 10.0.40219.1
Project("{FAE04EC0-301F-11D3-BF4B-00C04F79EFBC}") = "Date Time", "Date Time.csproj", "{88520867-DE53-4F80-A759-7C960AFD122B}"
EndProject
Global
	GlobalSection(SolutionConfigurationPlatforms) = preSolution
		Debug|Any CPU = Debug|Any CPU
		Release|Any CPU = Release|Any CPU
	EndGlobalSection
	GlobalSection(ProjectConfigurationPlatforms) = postSolution
		{88520867-DE53-4F80-A759-7C960AFD122B}.Debug|Any CPU.ActiveCfg = Debug|Any CPU
		{88520867-DE53-4F80-A759-7C960AFD122B}.Debug|Any CPU.Build.0 = Debug|Any CPU
		{88520867-DE53-4F80-A759-7C960AFD122B}.Release|Any CPU.ActiveCfg = Release|Any CPU
		{88520867-DE53-4F80-A759-7C960AFD122B}.Release|Any CPU.Build.0 = Release|Any CPU
	EndGlobalSection
	GlobalSection(SolutionProperties) = preSolution
		HideSolutionNode = FALSE
	EndGlobalSection
	GlobalSection(ExtensibilityGlobals) = postSolution
		SolutionGuid = {CA4F5784-5620-47A9-8E6D-5C443202ECBC}
	EndGlobalSection
EndGlobal
