
Microsoft Visual Studio Solution File, Format Version 12.00
# Visual Studio Version 17
VisualStudioVersion = 17.3.32922.545
MinimumVisualStudioVersion = 10.0.40219.1
Project("{FAE04EC0-301F-11D3-BF4B-00C04F79EFBC}") = "codefirstStudent", "codefirstStudent.csproj", "{10310368-F800-45BE-ADE4-A50A25966DC3}"
EndProject
Global
	GlobalSection(SolutionConfigurationPlatforms) = preSolution
		Debug|Any CPU = Debug|Any CPU
		Release|Any CPU = Release|Any CPU
	EndGlobalSection
	GlobalSection(ProjectConfigurationPlatforms) = postSolution
		{10310368-F800-45BE-ADE4-A50A25966DC3}.Debug|Any CPU.ActiveCfg = Debug|Any CPU
		{10310368-F800-45BE-ADE4-A50A25966DC3}.Debug|Any CPU.Build.0 = Debug|Any CPU
		{10310368-F800-45BE-ADE4-A50A25966DC3}.Release|Any CPU.ActiveCfg = Release|Any CPU
		{10310368-F800-45BE-ADE4-A50A25966DC3}.Release|Any CPU.Build.0 = Release|Any CPU
	EndGlobalSection
	GlobalSection(SolutionProperties) = preSolution
		HideSolutionNode = FALSE
	EndGlobalSection
	GlobalSection(ExtensibilityGlobals) = postSolution
		SolutionGuid = {F063432C-BF20-4FBE-ACBC-2656A85EAA12}
	EndGlobalSection
EndGlobal
