
Microsoft Visual Studio Solution File, Format Version 12.00
# Visual Studio Version 17
VisualStudioVersion = 17.3.32901.215
MinimumVisualStudioVersion = 10.0.40219.1
Project("{FAE04EC0-301F-11D3-BF4B-00C04F79EFBC}") = "Anon Income", "Anon Income.csproj", "{C4E35F4A-8048-4F6C-9CC9-E3DFCBEAEB8D}"
EndProject
Global
	GlobalSection(SolutionConfigurationPlatforms) = preSolution
		Debug|Any CPU = Debug|Any CPU
		Release|Any CPU = Release|Any CPU
	EndGlobalSection
	GlobalSection(ProjectConfigurationPlatforms) = postSolution
		{C4E35F4A-8048-4F6C-9CC9-E3DFCBEAEB8D}.Debug|Any CPU.ActiveCfg = Debug|Any CPU
		{C4E35F4A-8048-4F6C-9CC9-E3DFCBEAEB8D}.Debug|Any CPU.Build.0 = Debug|Any CPU
		{C4E35F4A-8048-4F6C-9CC9-E3DFCBEAEB8D}.Release|Any CPU.ActiveCfg = Release|Any CPU
		{C4E35F4A-8048-4F6C-9CC9-E3DFCBEAEB8D}.Release|Any CPU.Build.0 = Release|Any CPU
	EndGlobalSection
	GlobalSection(SolutionProperties) = preSolution
		HideSolutionNode = FALSE
	EndGlobalSection
	GlobalSection(ExtensibilityGlobals) = postSolution
		SolutionGuid = {82A055FC-539A-405D-93FD-B2EED012AEA5}
	EndGlobalSection
EndGlobal
