
Microsoft Visual Studio Solution File, Format Version 12.00
# Visual Studio Version 17
VisualStudioVersion = 17.3.32901.215
MinimumVisualStudioVersion = 10.0.40219.1
Project("{FAE04EC0-301F-11D3-BF4B-00C04F79EFBC}") = "Console App", "Console App.csproj", "{C9672D58-0515-49F4-9ED1-6A7D8D4786CB}"
EndProject
Global
	GlobalSection(SolutionConfigurationPlatforms) = preSolution
		Debug|Any CPU = Debug|Any CPU
		Release|Any CPU = Release|Any CPU
	EndGlobalSection
	GlobalSection(ProjectConfigurationPlatforms) = postSolution
		{C9672D58-0515-49F4-9ED1-6A7D8D4786CB}.Debug|Any CPU.ActiveCfg = Debug|Any CPU
		{C9672D58-0515-49F4-9ED1-6A7D8D4786CB}.Debug|Any CPU.Build.0 = Debug|Any CPU
		{C9672D58-0515-49F4-9ED1-6A7D8D4786CB}.Release|Any CPU.ActiveCfg = Release|Any CPU
		{C9672D58-0515-49F4-9ED1-6A7D8D4786CB}.Release|Any CPU.Build.0 = Release|Any CPU
	EndGlobalSection
	GlobalSection(SolutionProperties) = preSolution
		HideSolutionNode = FALSE
	EndGlobalSection
	GlobalSection(ExtensibilityGlobals) = postSolution
		SolutionGuid = {917E261D-8E2D-440C-9252-A8A199C7DE9E}
	EndGlobalSection
EndGlobal
