
Microsoft Visual Studio Solution File, Format Version 12.00
# Visual Studio Version 17
VisualStudioVersion = 17.3.32901.215
MinimumVisualStudioVersion = 10.0.40219.1
Project("{FAE04EC0-301F-11D3-BF4B-00C04F79EFBC}") = "Polymorphism", "Polymorphism.csproj", "{7AB169B0-94CA-46B1-B2FE-EA1EFFE6890D}"
EndProject
Global
	GlobalSection(SolutionConfigurationPlatforms) = preSolution
		Debug|Any CPU = Debug|Any CPU
		Release|Any CPU = Release|Any CPU
	EndGlobalSection
	GlobalSection(ProjectConfigurationPlatforms) = postSolution
		{7AB169B0-94CA-46B1-B2FE-EA1EFFE6890D}.Debug|Any CPU.ActiveCfg = Debug|Any CPU
		{7AB169B0-94CA-46B1-B2FE-EA1EFFE6890D}.Debug|Any CPU.Build.0 = Debug|Any CPU
		{7AB169B0-94CA-46B1-B2FE-EA1EFFE6890D}.Release|Any CPU.ActiveCfg = Release|Any CPU
		{7AB169B0-94CA-46B1-B2FE-EA1EFFE6890D}.Release|Any CPU.Build.0 = Release|Any CPU
	EndGlobalSection
	GlobalSection(SolutionProperties) = preSolution
		HideSolutionNode = FALSE
	EndGlobalSection
	GlobalSection(ExtensibilityGlobals) = postSolution
		SolutionGuid = {1AE30974-3AE0-431B-85E3-6AF10D7CFBB3}
	EndGlobalSection
EndGlobal
